
Microsoft Visual Studio Solution File, Format Version 12.00
# Visual Studio Version 17
VisualStudioVersion = 17.5.2.0
MinimumVisualStudioVersion = 10.0.40219.1
Project("{FAE04EC0-301F-11D3-BF4B-00C04F79EFBC}") = "FileStorageSystem", "FileStorageSystem.csproj", "{8BBDD869-69AF-903F-34AF-C7F5BF8E87CC}"
EndProject
Project("{FAE04EC0-301F-11D3-BF4B-00C04F79EFBC}") = "ConsoleApp1", "..\ConsoleApp\ConsoleApp1\ConsoleApp1.csproj", "{9E016982-854B-494E-B42E-2B8191187D8B}"
EndProject
Global
	GlobalSection(SolutionConfigurationPlatforms) = preSolution
		Debug|Any CPU = Debug|Any CPU
		Debug|x64 = Debug|x64
		Debug|x86 = Debug|x86
		Release|Any CPU = Release|Any CPU
		Release|x64 = Release|x64
		Release|x86 = Release|x86
	EndGlobalSection
	GlobalSection(ProjectConfigurationPlatforms) = postSolution
		{8BBDD869-69AF-903F-34AF-C7F5BF8E87CC}.Debug|Any CPU.ActiveCfg = Debug|Any CPU
		{8BBDD869-69AF-903F-34AF-C7F5BF8E87CC}.Debug|Any CPU.Build.0 = Debug|Any CPU
		{8BBDD869-69AF-903F-34AF-C7F5BF8E87CC}.Debug|x64.ActiveCfg = Debug|Any CPU
		{8BBDD869-69AF-903F-34AF-C7F5BF8E87CC}.Debug|x64.Build.0 = Debug|Any CPU
		{8BBDD869-69AF-903F-34AF-C7F5BF8E87CC}.Debug|x86.ActiveCfg = Debug|Any CPU
		{8BBDD869-69AF-903F-34AF-C7F5BF8E87CC}.Debug|x86.Build.0 = Debug|Any CPU
		{8BBDD869-69AF-903F-34AF-C7F5BF8E87CC}.Release|Any CPU.ActiveCfg = Release|Any CPU
		{8BBDD869-69AF-903F-34AF-C7F5BF8E87CC}.Release|Any CPU.Build.0 = Release|Any CPU
		{8BBDD869-69AF-903F-34AF-C7F5BF8E87CC}.Release|x64.ActiveCfg = Release|Any CPU
		{8BBDD869-69AF-903F-34AF-C7F5BF8E87CC}.Release|x64.Build.0 = Release|Any CPU
		{8BBDD869-69AF-903F-34AF-C7F5BF8E87CC}.Release|x86.ActiveCfg = Release|Any CPU
		{8BBDD869-69AF-903F-34AF-C7F5BF8E87CC}.Release|x86.Build.0 = Release|Any CPU
		{9E016982-854B-494E-B42E-2B8191187D8B}.Debug|Any CPU.ActiveCfg = Debug|Any CPU
		{9E016982-854B-494E-B42E-2B8191187D8B}.Debug|Any CPU.Build.0 = Debug|Any CPU
		{9E016982-854B-494E-B42E-2B8191187D8B}.Debug|x64.ActiveCfg = Debug|Any CPU
		{9E016982-854B-494E-B42E-2B8191187D8B}.Debug|x64.Build.0 = Debug|Any CPU
		{9E016982-854B-494E-B42E-2B8191187D8B}.Debug|x86.ActiveCfg = Debug|Any CPU
		{9E016982-854B-494E-B42E-2B8191187D8B}.Debug|x86.Build.0 = Debug|Any CPU
		{9E016982-854B-494E-B42E-2B8191187D8B}.Release|Any CPU.ActiveCfg = Release|Any CPU
		{9E016982-854B-494E-B42E-2B8191187D8B}.Release|Any CPU.Build.0 = Release|Any CPU
		{9E016982-854B-494E-B42E-2B8191187D8B}.Release|x64.ActiveCfg = Release|Any CPU
		{9E016982-854B-494E-B42E-2B8191187D8B}.Release|x64.Build.0 = Release|Any CPU
		{9E016982-854B-494E-B42E-2B8191187D8B}.Release|x86.ActiveCfg = Release|Any CPU
		{9E016982-854B-494E-B42E-2B8191187D8B}.Release|x86.Build.0 = Release|Any CPU
	EndGlobalSection
	GlobalSection(SolutionProperties) = preSolution
		HideSolutionNode = FALSE
	EndGlobalSection
	GlobalSection(ExtensibilityGlobals) = postSolution
		SolutionGuid = {EA89581C-FB04-4EBC-893F-0B32DBF94EA0}
	EndGlobalSection
EndGlobal
